
Microsoft Visual Studio Solution File, Format Version 12.00
Project("{FAE04EC0-301F-11D3-BF4B-00C04F79EFBC}") = "TelegramBot.api", "TelegramBot.api\TelegramBot.api.csproj", "{550F8D01-8274-4FD2-AB47-1C94CCC2920A}"
EndProject
Global
	GlobalSection(SolutionConfigurationPlatforms) = preSolution
		Debug|Any CPU = Debug|Any CPU
		Release|Any CPU = Release|Any CPU
	EndGlobalSection
	GlobalSection(ProjectConfigurationPlatforms) = postSolution
		{550F8D01-8274-4FD2-AB47-1C94CCC2920A}.Debug|Any CPU.ActiveCfg = Debug|Any CPU
		{550F8D01-8274-4FD2-AB47-1C94CCC2920A}.Debug|Any CPU.Build.0 = Debug|Any CPU
		{550F8D01-8274-4FD2-AB47-1C94CCC2920A}.Release|Any CPU.ActiveCfg = Release|Any CPU
		{550F8D01-8274-4FD2-AB47-1C94CCC2920A}.Release|Any CPU.Build.0 = Release|Any CPU
	EndGlobalSection
EndGlobal
